
Microsoft Visual Studio Solution File, Format Version 12.00
# Visual Studio Version 16
VisualStudioVersion = 16.0.29009.5
MinimumVisualStudioVersion = 10.0.40219.1
Project("{FAE04EC0-301F-11D3-BF4B-00C04F79EFBC}") = "Zgadywanka-projekt-studia", "Zgadywanka-projekt-studia\Zgadywanka-projekt-studia.csproj", "{EA5F7CC5-EBD9-4D60-9602-6894DD51628C}"
EndProject
Project("{FAE04EC0-301F-11D3-BF4B-00C04F79EFBC}") = "Monolotycznie", "Monolotycznie\Monolotycznie.csproj", "{63FD0D60-8B5D-45C3-ADE5-8DCAAECB669E}"
EndProject
Project("{FAE04EC0-301F-11D3-BF4B-00C04F79EFBC}") = "Proceduralnie", "Proceduralnie\Proceduralnie.csproj", "{EF738103-004E-48AC-A52D-2A693F4CF86A}"
EndProject
Project("{FAE04EC0-301F-11D3-BF4B-00C04F79EFBC}") = "Obiektowo", "Obiektowo\Obiektowo.csproj", "{AF61F1C3-C791-4531-A38D-688F34D2A2F9}"
EndProject
Project("{FAE04EC0-301F-11D3-BF4B-00C04F79EFBC}") = "UnitTest", "UnitTest\UnitTest.csproj", "{8DCDFE26-747A-45E1-843F-D1C57ABE88D0}"
EndProject
Global
	GlobalSection(SolutionConfigurationPlatforms) = preSolution
		Debug|Any CPU = Debug|Any CPU
		Release|Any CPU = Release|Any CPU
	EndGlobalSection
	GlobalSection(ProjectConfigurationPlatforms) = postSolution
		{EA5F7CC5-EBD9-4D60-9602-6894DD51628C}.Debug|Any CPU.ActiveCfg = Debug|Any CPU
		{EA5F7CC5-EBD9-4D60-9602-6894DD51628C}.Debug|Any CPU.Build.0 = Debug|Any CPU
		{EA5F7CC5-EBD9-4D60-9602-6894DD51628C}.Release|Any CPU.ActiveCfg = Release|Any CPU
		{EA5F7CC5-EBD9-4D60-9602-6894DD51628C}.Release|Any CPU.Build.0 = Release|Any CPU
		{63FD0D60-8B5D-45C3-ADE5-8DCAAECB669E}.Debug|Any CPU.ActiveCfg = Debug|Any CPU
		{63FD0D60-8B5D-45C3-ADE5-8DCAAECB669E}.Debug|Any CPU.Build.0 = Debug|Any CPU
		{63FD0D60-8B5D-45C3-ADE5-8DCAAECB669E}.Release|Any CPU.ActiveCfg = Release|Any CPU
		{63FD0D60-8B5D-45C3-ADE5-8DCAAECB669E}.Release|Any CPU.Build.0 = Release|Any CPU
		{EF738103-004E-48AC-A52D-2A693F4CF86A}.Debug|Any CPU.ActiveCfg = Debug|Any CPU
		{EF738103-004E-48AC-A52D-2A693F4CF86A}.Debug|Any CPU.Build.0 = Debug|Any CPU
		{EF738103-004E-48AC-A52D-2A693F4CF86A}.Release|Any CPU.ActiveCfg = Release|Any CPU
		{EF738103-004E-48AC-A52D-2A693F4CF86A}.Release|Any CPU.Build.0 = Release|Any CPU
		{AF61F1C3-C791-4531-A38D-688F34D2A2F9}.Debug|Any CPU.ActiveCfg = Debug|Any CPU
		{AF61F1C3-C791-4531-A38D-688F34D2A2F9}.Debug|Any CPU.Build.0 = Debug|Any CPU
		{AF61F1C3-C791-4531-A38D-688F34D2A2F9}.Release|Any CPU.ActiveCfg = Release|Any CPU
		{AF61F1C3-C791-4531-A38D-688F34D2A2F9}.Release|Any CPU.Build.0 = Release|Any CPU
		{8DCDFE26-747A-45E1-843F-D1C57ABE88D0}.Debug|Any CPU.ActiveCfg = Debug|Any CPU
		{8DCDFE26-747A-45E1-843F-D1C57ABE88D0}.Debug|Any CPU.Build.0 = Debug|Any CPU
		{8DCDFE26-747A-45E1-843F-D1C57ABE88D0}.Release|Any CPU.ActiveCfg = Release|Any CPU
		{8DCDFE26-747A-45E1-843F-D1C57ABE88D0}.Release|Any CPU.Build.0 = Release|Any CPU
	EndGlobalSection
	GlobalSection(SolutionProperties) = preSolution
		HideSolutionNode = FALSE
	EndGlobalSection
	GlobalSection(ExtensibilityGlobals) = postSolution
		SolutionGuid = {5F63A03C-7045-426F-9C25-2BB894AFDC4B}
	EndGlobalSection
EndGlobal
